{
  "object": {
    "pins": [
      {
        "package": "Charts",
        "repositoryURL": "https://github.com/danielgindi/Charts",
        "state": {
          "branch": null,
          "revision": "7ac4a05e83d279bac305a472af9128c2a0eca3d7",
          "version": "3.5.0"
        }
      },
      {
        "package": "iOSDropDown",
        "repositoryURL": "https://github.com/Quantum2/iOSDropDown",
        "state": {
          "branch": "master",
          "revision": "b488260ce23bab540e2fdecb1794005c0ef75261",
          "version": null
        }
      },
      {
        "package": "RNCryptor",
        "repositoryURL": "https://github.com/RNCryptor/RNCryptor",
        "state": {
          "branch": null,
          "revision": "5e3bbf44f08bf90049537cb8902d8f4fa911a79a",
          "version": "5.1.0"
        }
      }
    ]
  },
  "version": 1
}
